
Microsoft Visual Studio Solution File, Format Version 12.00
# Visual Studio Version 16
VisualStudioVersion = 16.0.32929.386
MinimumVisualStudioVersion = 10.0.40219.1
Project("{FAE04EC0-301F-11D3-BF4B-00C04F79EFBC}") = "BookAuthorPublishers", "BookAuthorPublishers\BookAuthorPublishers.csproj", "{21ACD852-8ECE-4384-88B6-0C84DBA5120B}"
EndProject
Global
	GlobalSection(SolutionConfigurationPlatforms) = preSolution
		Debug|Any CPU = Debug|Any CPU
		Release|Any CPU = Release|Any CPU
	EndGlobalSection
	GlobalSection(ProjectConfigurationPlatforms) = postSolution
		{21ACD852-8ECE-4384-88B6-0C84DBA5120B}.Debug|Any CPU.ActiveCfg = Debug|Any CPU
		{21ACD852-8ECE-4384-88B6-0C84DBA5120B}.Debug|Any CPU.Build.0 = Debug|Any CPU
		{21ACD852-8ECE-4384-88B6-0C84DBA5120B}.Release|Any CPU.ActiveCfg = Release|Any CPU
		{21ACD852-8ECE-4384-88B6-0C84DBA5120B}.Release|Any CPU.Build.0 = Release|Any CPU
	EndGlobalSection
	GlobalSection(SolutionProperties) = preSolution
		HideSolutionNode = FALSE
	EndGlobalSection
	GlobalSection(ExtensibilityGlobals) = postSolution
		SolutionGuid = {5CB260E4-0980-4633-B746-EC8597CDAEB0}
	EndGlobalSection
EndGlobal
